// !$*UTF8*$!
{
	archiveVersion = 1;
	classes = {
	};
	objectVersion = 46;
	objects = {

/* Begin PBXBuildFile section */
		A42DFBAC1EEEAD61000BA8B4 /* main.m in Sources */ = {isa = PBXBuildFile; fileRef = A42DFBAB1EEEAD61000BA8B4 /* main.m */; };
		A42DFBAF1EEEAD61000BA8B4 /* AppDelegate.m in Sources */ = {isa = PBXBuildFile; fileRef = A42DFBAE1EEEAD61000BA8B4 /* AppDelegate.m */; };
		A42DFBB21EEEAD61000BA8B4 /* ViewController.m in Sources */ = {isa = PBXBuildFile; fileRef = A42DFBB11EEEAD61000BA8B4 /* ViewController.m */; };
		A42DFBB51EEEAD61000BA8B4 /* Main.storyboard in Resources */ = {isa = PBXBuildFile; fileRef = A42DFBB31EEEAD61000BA8B4 /* Main.storyboard */; };
		A42DFBB71EEEAD61000BA8B4 /* Assets.xcassets in Resources */ = {isa = PBXBuildFile; fileRef = A42DFBB61EEEAD61000BA8B4 /* Assets.xcassets */; };
		A42DFBBA1EEEAD61000BA8B4 /* LaunchScreen.storyboard in Resources */ = {isa = PBXBuildFile; fileRef = A42DFBB81EEEAD61000BA8B4 /* LaunchScreen.storyboard */; };
		A42DFBC51EEEAD62000BA8B4 /* LGYBannerTests.m in Sources */ = {isa = PBXBuildFile; fileRef = A42DFBC41EEEAD62000BA8B4 /* LGYBannerTests.m */; };
		A42DFBD01EEEAD62000BA8B4 /* LGYBannerUITests.m in Sources */ = {isa = PBXBuildFile; fileRef = A42DFBCF1EEEAD62000BA8B4 /* LGYBannerUITests.m */; };
/* End PBXBuildFile section */

/* Begin PBXContainerItemProxy section */
		A42DFBC11EEEAD62000BA8B4 /* PBXContainerItemProxy */ = {
			isa = PBXContainerItemProxy;
			containerPortal = A42DFB9F1EEEAD61000BA8B4 /* Project object */;
			proxyType = 1;
			remoteGlobalIDString = A42DFBA61EEEAD61000BA8B4;
			remoteInfo = LGYBanner;
		};
		A42DFBCC1EEEAD62000BA8B4 /* PBXContainerItemProxy */ = {
			isa = PBXContainerItemProxy;
			containerPortal = A42DFB9F1EEEAD61000BA8B4 /* Project object */;
			proxyType = 1;
			remoteGlobalIDString = A42DFBA61EEEAD61000BA8B4;
			remoteInfo = LGYBanner;
		};
/* End PBXContainerItemProxy section */

/* Begin PBXFileReference section */
		A42DFBA71EEEAD61000BA8B4 /* LGYBanner.app */ = {isa = PBXFileReference; explicitFileType = wrapper.application; includeInIndex = 0; path = LGYBanner.app; sourceTree = BUILT_PRODUCTS_DIR; };
		A42DFBAB1EEEAD61000BA8B4 /* main.m */ = {isa = PBXFileReference; lastKnownFileType = sourcecode.c.objc; path = main.m; sourceTree = "<group>"; };
		A42DFBAD1EEEAD61000BA8B4 /* AppDelegate.h */ = {isa = PBXFileReference; lastKnownFileType = sourcecode.c.h; path = AppDelegate.h; sourceTree = "<group>"; };
		A42DFBAE1EEEAD61000BA8B4 /* AppDelegate.m */ = {isa = PBXFileReference; lastKnownFileType = sourcecode.c.objc; path = AppDelegate.m; sourceTree = "<group>"; };
		A42DFBB01EEEAD61000BA8B4 /* ViewController.h */ = {isa = PBXFileReference; lastKnownFileType = sourcecode.c.h; path = ViewController.h; sourceTree = "<group>"; };
		A42DFBB11EEEAD61000BA8B4 /* ViewController.m */ = {isa = PBXFileReference; lastKnownFileType = sourcecode.c.objc; path = ViewController.m; sourceTree = "<group>"; };
		A42DFBB41EEEAD61000BA8B4 /* Base */ = {isa = PBXFileReference; lastKnownFileType = file.storyboard; name = Base; path = Base.lproj/Main.storyboard; sourceTree = "<group>"; };
		A42DFBB61EEEAD61000BA8B4 /* Assets.xcassets */ = {isa = PBXFileReference; lastKnownFileType = folder.assetcatalog; path = Assets.xcassets; sourceTree = "<group>"; };
		A42DFBB91EEEAD61000BA8B4 /* Base */ = {isa = PBXFileReference; lastKnownFileType = file.storyboard; name = Base; path = Base.lproj/LaunchScreen.storyboard; sourceTree = "<group>"; };
		A42DFBBB1EEEAD61000BA8B4 /* Info.plist */ = {isa = PBXFileReference; lastKnownFileType = text.plist.xml; path = Info.plist; sourceTree = "<group>"; };
		A42DFBC01EEEAD62000BA8B4 /* LGYBannerTests.xctest */ = {isa = PBXFileReference; explicitFileType = wrapper.cfbundle; includeInIndex = 0; path = LGYBannerTests.xctest; sourceTree = BUILT_PRODUCTS_DIR; };
		A42DFBC41EEEAD62000BA8B4 /* LGYBannerTests.m */ = {isa = PBXFileReference; lastKnownFileType = sourcecode.c.objc; path = LGYBannerTests.m; sourceTree = "<group>"; };
		A42DFBC61EEEAD62000BA8B4 /* Info.plist */ = {isa = PBXFileReference; lastKnownFileType = text.plist.xml; path = Info.plist; sourceTree = "<group>"; };
		A42DFBCB1EEEAD62000BA8B4 /* LGYBannerUITests.xctest */ = {isa = PBXFileReference; explicitFileType = wrapper.cfbundle; includeInIndex = 0; path = LGYBannerUITests.xctest; sourceTree = BUILT_PRODUCTS_DIR; };
		A42DFBCF1EEEAD62000BA8B4 /* LGYBannerUITests.m */ = {isa = PBXFileReference; lastKnownFileType = sourcecode.c.objc; path = LGYBannerUITests.m; sourceTree = "<group>"; };
		A42DFBD11EEEAD62000BA8B4 /* Info.plist */ = {isa = PBXFileReference; lastKnownFileType = text.plist.xml; path = Info.plist; sourceTree = "<group>"; };
/* End PBXFileReference section */

/* Begin PBXFrameworksBuildPhase section */
		A42DFBA41EEEAD61000BA8B4 /* Frameworks */ = {
			isa = PBXFrameworksBuildPhase;
			buildActionMask = 2147483647;
			files = (
			);
			runOnlyForDeploymentPostprocessing = 0;
		};
		A42DFBBD1EEEAD62000BA8B4 /* Frameworks */ = {
			isa = PBXFrameworksBuildPhase;
			buildActionMask = 2147483647;
			files = (
			);
			runOnlyForDeploymentPostprocessing = 0;
		};
		A42DFBC81EEEAD62000BA8B4 /* Frameworks */ = {
			isa = PBXFrameworksBuildPhase;
			buildActionMask = 2147483647;
			files = (
			);
			runOnlyForDeploymentPostprocessing = 0;
		};
/* End PBXFrameworksBuildPhase section */

/* Begin PBXGroup section */
		A42DFB9E1EEEAD61000BA8B4 = {
			isa = PBXGroup;
			children = (
				A42DFBA91EEEAD61000BA8B4 /* LGYBanner */,
				A42DFBC31EEEAD62000BA8B4 /* LGYBannerTests */,
				A42DFBCE1EEEAD62000BA8B4 /* LGYBannerUITests */,
				A42DFBA81EEEAD61000BA8B4 /* Products */,
			);
			sourceTree = "<group>";
		};
		A42DFBA81EEEAD61000BA8B4 /* Products */ = {
			isa = PBXGroup;
			children = (
				A42DFBA71EEEAD61000BA8B4 /* LGYBanner.app */,
				A42DFBC01EEEAD62000BA8B4 /* LGYBannerTests.xctest */,
				A42DFBCB1EEEAD62000BA8B4 /* LGYBannerUITests.xctest */,
			);
			name = Products;
			sourceTree = "<group>";
		};
		A42DFBA91EEEAD61000BA8B4 /* LGYBanner */ = {
			isa = PBXGroup;
			children = (
				A42DFBAD1EEEAD61000BA8B4 /* AppDelegate.h */,
				A42DFBAE1EEEAD61000BA8B4 /* AppDelegate.m */,
				A42DFBB01EEEAD61000BA8B4 /* ViewController.h */,
				A42DFBB11EEEAD61000BA8B4 /* ViewController.m */,
				A42DFBB31EEEAD61000BA8B4 /* Main.storyboard */,
				A42DFBB61EEEAD61000BA8B4 /* Assets.xcassets */,
				A42DFBB81EEEAD61000BA8B4 /* LaunchScreen.storyboard */,
				A42DFBBB1EEEAD61000BA8B4 /* Info.plist */,
				A42DFBAA1EEEAD61000BA8B4 /* Supporting Files */,
			);
			path = LGYBanner;
			sourceTree = "<group>";
		};
		A42DFBAA1EEEAD61000BA8B4 /* Supporting Files */ = {
			isa = PBXGroup;
			children = (
				A42DFBAB1EEEAD61000BA8B4 /* main.m */,
			);
			name = "Supporting Files";
			sourceTree = "<group>";
		};
		A42DFBC31EEEAD62000BA8B4 /* LGYBannerTests */ = {
			isa = PBXGroup;
			children = (
				A42DFBC41EEEAD62000BA8B4 /* LGYBannerTests.m */,
				A42DFBC61EEEAD62000BA8B4 /* Info.plist */,
			);
			path = LGYBannerTests;
			sourceTree = "<group>";
		};
		A42DFBCE1EEEAD62000BA8B4 /* LGYBannerUITests */ = {
			isa = PBXGroup;
			children = (
				A42DFBCF1EEEAD62000BA8B4 /* LGYBannerUITests.m */,
				A42DFBD11EEEAD62000BA8B4 /* Info.plist */,
			);
			path = LGYBannerUITests;
			sourceTree = "<group>";
		};
/* End PBXGroup section */

/* Begin PBXNativeTarget section */
		A42DFBA61EEEAD61000BA8B4 /* LGYBanner */ = {
			isa = PBXNativeTarget;
			buildConfigurationList = A42DFBD41EEEAD62000BA8B4 /* Build configuration list for PBXNativeTarget "LGYBanner" */;
			buildPhases = (
				A42DFBA31EEEAD61000BA8B4 /* Sources */,
				A42DFBA41EEEAD61000BA8B4 /* Frameworks */,
				A42DFBA51EEEAD61000BA8B4 /* Resources */,
			);
			buildRules = (
			);
			dependencies = (
			);
			name = LGYBanner;
			productName = LGYBanner;
			productReference = A42DFBA71EEEAD61000BA8B4 /* LGYBanner.app */;
			productType = "com.apple.product-type.application";
		};
		A42DFBBF1EEEAD62000BA8B4 /* LGYBannerTests */ = {
			isa = PBXNativeTarget;
			buildConfigurationList = A42DFBD71EEEAD62000BA8B4 /* Build configuration list for PBXNativeTarget "LGYBannerTests" */;
			buildPhases = (
				A42DFBBC1EEEAD62000BA8B4 /* Sources */,
				A42DFBBD1EEEAD62000BA8B4 /* Frameworks */,
				A42DFBBE1EEEAD62000BA8B4 /* Resources */,
			);
			buildRules = (
			);
			dependencies = (
				A42DFBC21EEEAD62000BA8B4 /* PBXTargetDependency */,
			);
			name = LGYBannerTests;
			productName = LGYBannerTests;
			productReference = A42DFBC01EEEAD62000BA8B4 /* LGYBannerTests.xctest */;
			productType = "com.apple.product-type.bundle.unit-test";
		};
		A42DFBCA1EEEAD62000BA8B4 /* LGYBannerUITests */ = {
			isa = PBXNativeTarget;
			buildConfigurationList = A42DFBDA1EEEAD62000BA8B4 /* Build configuration list for PBXNativeTarget "LGYBannerUITests" */;
			buildPhases = (
				A42DFBC71EEEAD62000BA8B4 /* Sources */,
				A42DFBC81EEEAD62000BA8B4 /* Frameworks */,
				A42DFBC91EEEAD62000BA8B4 /* Resources */,
			);
			buildRules = (
			);
			dependencies = (
				A42DFBCD1EEEAD62000BA8B4 /* PBXTargetDependency */,
			);
			name = LGYBannerUITests;
			productName = LGYBannerUITests;
			productReference = A42DFBCB1EEEAD62000BA8B4 /* LGYBannerUITests.xctest */;
			productType = "com.apple.product-type.bundle.ui-testing";
		};
/* End PBXNativeTarget section */

/* Begin PBXProject section */
		A42DFB9F1EEEAD61000BA8B4 /* Project object */ = {
			isa = PBXProject;
			attributes = {
				LastUpgradeCheck = 0830;
				ORGANIZATIONNAME = "李冠余";
				TargetAttributes = {
					A42DFBA61EEEAD61000BA8B4 = {
						CreatedOnToolsVersion = 8.3.2;
						DevelopmentTeam = 38V368WVKA;
						ProvisioningStyle = Automatic;
					};
					A42DFBBF1EEEAD62000BA8B4 = {
						CreatedOnToolsVersion = 8.3.2;
						DevelopmentTeam = 38V368WVKA;
						ProvisioningStyle = Automatic;
						TestTargetID = A42DFBA61EEEAD61000BA8B4;
					};
					A42DFBCA1EEEAD62000BA8B4 = {
						CreatedOnToolsVersion = 8.3.2;
						DevelopmentTeam = 38V368WVKA;
						ProvisioningStyle = Automatic;
						TestTargetID = A42DFBA61EEEAD61000BA8B4;
					};
				};
			};
			buildConfigurationList = A42DFBA21EEEAD61000BA8B4 /* Build configuration list for PBXProject "LGYBanner" */;
			compatibilityVersion = "Xcode 3.2";
			developmentRegion = English;
			hasScannedForEncodings = 0;
			knownRegions = (
				en,
				Base,
			);
			mainGroup = A42DFB9E1EEEAD61000BA8B4;
			productRefGroup = A42DFBA81EEEAD61000BA8B4 /* Products */;
			projectDirPath = "";
			projectRoot = "";
			targets = (
				A42DFBA61EEEAD61000BA8B4 /* LGYBanner */,
				A42DFBBF1EEEAD62000BA8B4 /* LGYBannerTests */,
				A42DFBCA1EEEAD62000BA8B4 /* LGYBannerUITests */,
			);
		};
/* End PBXProject section */

/* Begin PBXResourcesBuildPhase section */
		A42DFBA51EEEAD61000BA8B4 /* Resources */ = {
			isa = PBXResourcesBuildPhase;
			buildActionMask = 2147483647;
			files = (
				A42DFBBA1EEEAD61000BA8B4 /* LaunchScreen.storyboard in Resources */,
				A42DFBB71EEEAD61000BA8B4 /* Assets.xcassets in Resources */,
				A42DFBB51EEEAD61000BA8B4 /* Main.storyboard in Resources */,
			);
			runOnlyForDeploymentPostprocessing = 0;
		};
		A42DFBBE1EEEAD62000BA8B4 /* Resources */ = {
			isa = PBXResourcesBuildPhase;
			buildActionMask = 2147483647;
			files = (
			);
			runOnlyForDeploymentPostprocessing = 0;
		};
		A42DFBC91EEEAD62000BA8B4 /* Resources */ = {
			isa = PBXResourcesBuildPhase;
			buildActionMask = 2147483647;
			files = (
			);
			runOnlyForDeploymentPostprocessing = 0;
		};
/* End PBXResourcesBuildPhase section */

/* Begin PBXSourcesBuildPhase section */
		A42DFBA31EEEAD61000BA8B4 /* Sources */ = {
			isa = PBXSourcesBuildPhase;
			buildActionMask = 2147483647;
			files = (
				A42DFBB21EEEAD61000BA8B4 /* ViewController.m in Sources */,
				A42DFBAF1EEEAD61000BA8B4 /* AppDelegate.m in Sources */,
				A42DFBAC1EEEAD61000BA8B4 /* main.m in Sources */,
			);
			runOnlyForDeploymentPostprocessing = 0;
		};
		A42DFBBC1EEEAD62000BA8B4 /* Sources */ = {
			isa = PBXSourcesBuildPhase;
			buildActionMask = 2147483647;
			files = (
				A42DFBC51EEEAD62000BA8B4 /* LGYBannerTests.m in Sources */,
			);
			runOnlyForDeploymentPostprocessing = 0;
		};
		A42DFBC71EEEAD62000BA8B4 /* Sources */ = {
			isa = PBXSourcesBuildPhase;
			buildActionMask = 2147483647;
			files = (
				A42DFBD01EEEAD62000BA8B4 /* LGYBannerUITests.m in Sources */,
			);
			runOnlyForDeploymentPostprocessing = 0;
		};
/* End PBXSourcesBuildPhase section */

/* Begin PBXTargetDependency section */
		A42DFBC21EEEAD62000BA8B4 /* PBXTargetDependency */ = {
			isa = PBXTargetDependency;
			target = A42DFBA61EEEAD61000BA8B4 /* LGYBanner */;
			targetProxy = A42DFBC11EEEAD62000BA8B4 /* PBXContainerItemProxy */;
		};
		A42DFBCD1EEEAD62000BA8B4 /* PBXTargetDependency */ = {
			isa = PBXTargetDependency;
			target = A42DFBA61EEEAD61000BA8B4 /* LGYBanner */;
			targetProxy = A42DFBCC1EEEAD62000BA8B4 /* PBXContainerItemProxy */;
		};
/* End PBXTargetDependency section */

/* Begin PBXVariantGroup section */
		A42DFBB31EEEAD61000BA8B4 /* Main.storyboard */ = {
			isa = PBXVariantGroup;
			children = (
				A42DFBB41EEEAD61000BA8B4 /* Base */,
			);
			name = Main.storyboard;
			sourceTree = "<group>";
		};
		A42DFBB81EEEAD61000BA8B4 /* LaunchScreen.storyboard */ = {
			isa = PBXVariantGroup;
			children = (
				A42DFBB91EEEAD61000BA8B4 /* Base */,
			);
			name = LaunchScreen.storyboard;
			sourceTree = "<group>";
		};
/* End PBXVariantGroup section */

/* Begin XCBuildConfiguration section */
		A42DFBD21EEEAD62000BA8B4 /* Debug */ = {
			isa = XCBuildConfiguration;
			buildSettings = {
				ALWAYS_SEARCH_USER_PATHS = NO;
				CLANG_ANALYZER_NONNULL = YES;
				CLANG_ANALYZER_NUMBER_OBJECT_CONVERSION = YES_AGGRESSIVE;
				CLANG_CXX_LANGUAGE_STANDARD = "gnu++0x";
				CLANG_CXX_LIBRARY = "libc++";
				CLANG_ENABLE_MODULES = YES;
				CLANG_ENABLE_OBJC_ARC = YES;
				CLANG_WARN_BOOL_CONVERSION = YES;
				CLANG_WARN_CONSTANT_CONVERSION = YES;
				CLANG_WARN_DIRECT_OBJC_ISA_USAGE = YES_ERROR;
				CLANG_WARN_DOCUMENTATION_COMMENTS = YES;
				CLANG_WARN_EMPTY_BODY = YES;
				CLANG_WARN_ENUM_CONVERSION = YES;
				CLANG_WARN_INFINITE_RECURSION = YES;
				CLANG_WARN_INT_CONVERSION = YES;
				CLANG_WARN_OBJC_ROOT_CLASS = YES_ERROR;
				CLANG_WARN_SUSPICIOUS_MOVE = YES;
				CLANG_WARN_UNREACHABLE_CODE = YES;
				CLANG_WARN__DUPLICATE_METHOD_MATCH = YES;
				"CODE_SIGN_IDENTITY[sdk=iphoneos*]" = "iPhone Developer";
				COPY_PHASE_STRIP = NO;
				DEBUG_INFORMATION_FORMAT = dwarf;
				ENABLE_STRICT_OBJC_MSGSEND = YES;
				ENABLE_TESTABILITY = YES;
				GCC_C_LANGUAGE_STANDARD = gnu99;
				GCC_DYNAMIC_NO_PIC = NO;
				GCC_NO_COMMON_BLOCKS = YES;
				GCC_OPTIMIZATION_LEVEL = 0;
				GCC_PREPROCESSOR_DEFINITIONS = (
					"DEBUG=1",
					"$(inherited)",
				);
				GCC_WARN_64_TO_32_BIT_CONVERSION = YES;
				GCC_WARN_ABOUT_RETURN_TYPE = YES_ERROR;
				GCC_WARN_UNDECLARED_SELECTOR = YES;
				GCC_WARN_UNINITIALIZED_AUTOS = YES_AGGRESSIVE;
				GCC_WARN_UNUSED_FUNCTION = YES;
				GCC_WARN_UNUSED_VARIABLE = YES;
				IPHONEOS_DEPLOYMENT_TARGET = 10.3;
				MTL_ENABLE_DEBUG_INFO = YES;
				ONLY_ACTIVE_ARCH = YES;
				SDKROOT = iphoneos;
				TARGETED_DEVICE_FAMILY = "1,2";
			};
			name = Debug;
		};
		A42DFBD31EEEAD62000BA8B4 /* Release */ = {
			isa = XCBuildConfiguration;
			buildSettings = {
				ALWAYS_SEARCH_USER_PATHS = NO;
				CLANG_ANALYZER_NONNULL = YES;
				CLANG_ANALYZER_NUMBER_OBJECT_CONVERSION = YES_AGGRESSIVE;
				CLANG_CXX_LANGUAGE_STANDARD = "gnu++0x";
				CLANG_CXX_LIBRARY = "libc++";
				CLANG_ENABLE_MODULES = YES;
				CLANG_ENABLE_OBJC_ARC = YES;
				CLANG_WARN_BOOL_CONVERSION = YES;
				CLANG_WARN_CONSTANT_CONVERSION = YES;
				CLANG_WARN_DIRECT_OBJC_ISA_USAGE = YES_ERROR;
				CLANG_WARN_DOCUMENTATION_COMMENTS = YES;
				CLANG_WARN_EMPTY_BODY = YES;
				CLANG_WARN_ENUM_CONVERSION = YES;
				CLANG_WARN_INFINITE_RECURSION = YES;
				CLANG_WARN_INT_CONVERSION = YES;
				CLANG_WARN_OBJC_ROOT_CLASS = YES_ERROR;
				CLANG_WARN_SUSPICIOUS_MOVE = YES;
				CLANG_WARN_UNREACHABLE_CODE = YES;
				CLANG_WARN__DUPLICATE_METHOD_MATCH = YES;
				"CODE_SIGN_IDENTITY[sdk=iphoneos*]" = "iPhone Developer";
				COPY_PHASE_STRIP = NO;
				DEBUG_INFORMATION_FORMAT = "dwarf-with-dsym";
				ENABLE_NS_ASSERTIONS = NO;
				ENABLE_STRICT_OBJC_MSGSEND = YES;
				GCC_C_LANGUAGE_STANDARD = gnu99;
				GCC_NO_COMMON_BLOCKS = YES;
				GCC_WARN_64_TO_32_BIT_CONVERSION = YES;
				GCC_WARN_ABOUT_RETURN_TYPE = YES_ERROR;
				GCC_WARN_UNDECLARED_SELECTOR = YES;
				GCC_WARN_UNINITIALIZED_AUTOS = YES_AGGRESSIVE;
				GCC_WARN_UNUSED_FUNCTION = YES;
				GCC_WARN_UNUSED_VARIABLE = YES;
				IPHONEOS_DEPLOYMENT_TARGET = 10.3;
				MTL_ENABLE_DEBUG_INFO = NO;
				SDKROOT = iphoneos;
				TARGETED_DEVICE_FAMILY = "1,2";
				VALIDATE_PRODUCT = YES;
			};
			name = Release;
		};
		A42DFBD51EEEAD62000BA8B4 /* Debug */ = {
			isa = XCBuildConfiguration;
			buildSettings = {
				ASSETCATALOG_COMPILER_APPICON_NAME = AppIcon;
				DEVELOPMENT_TEAM = 38V368WVKA;
				INFOPLIST_FILE = LGYBanner/Info.plist;
				LD_RUNPATH_SEARCH_PATHS = "$(inherited) @executable_path/Frameworks";
				PRODUCT_BUNDLE_IDENTIFIER = com.test.LGYBanner;
				PRODUCT_NAME = "$(TARGET_NAME)";
			};
			name = Debug;
		};
		A42DFBD61EEEAD62000BA8B4 /* Release */ = {
			isa = XCBuildConfiguration;
			buildSettings = {
				ASSETCATALOG_COMPILER_APPICON_NAME = AppIcon;
				DEVELOPMENT_TEAM = 38V368WVKA;
				INFOPLIST_FILE = LGYBanner/Info.plist;
				LD_RUNPATH_SEARCH_PATHS = "$(inherited) @executable_path/Frameworks";
				PRODUCT_BUNDLE_IDENTIFIER = com.test.LGYBanner;
				PRODUCT_NAME = "$(TARGET_NAME)";
			};
			name = Release;
		};
		A42DFBD81EEEAD62000BA8B4 /* Debug */ = {
			isa = XCBuildConfiguration;
			buildSettings = {
				BUNDLE_LOADER = "$(TEST_HOST)";
				DEVELOPMENT_TEAM = 38V368WVKA;
				INFOPLIST_FILE = LGYBannerTests/Info.plist;
				LD_RUNPATH_SEARCH_PATHS = "$(inherited) @executable_path/Frameworks @loader_path/Frameworks";
				PRODUCT_BUNDLE_IDENTIFIER = com.test.LGYBannerTests;
				PRODUCT_NAME = "$(TARGET_NAME)";
				TEST_HOST = "$(BUILT_PRODUCTS_DIR)/LGYBanner.app/LGYBanner";
			};
			name = Debug;
		};
		A42DFBD91EEEAD62000BA8B4 /* Release */ = {
			isa = XCBuildConfiguration;
			buildSettings = {
				BUNDLE_LOADER = "$(TEST_HOST)";
				DEVELOPMENT_TEAM = 38V368WVKA;
				INFOPLIST_FILE = LGYBannerTests/Info.plist;
				LD_RUNPATH_SEARCH_PATHS = "$(inherited) @executable_path/Frameworks @loader_path/Frameworks";
				PRODUCT_BUNDLE_IDENTIFIER = com.test.LGYBannerTests;
				PRODUCT_NAME = "$(TARGET_NAME)";
				TEST_HOST = "$(BUILT_PRODUCTS_DIR)/LGYBanner.app/LGYBanner";
			};
			name = Release;
		};
		A42DFBDB1EEEAD62000BA8B4 /* Debug */ = {
			isa = XCBuildConfiguration;
			buildSettings = {
				DEVELOPMENT_TEAM = 38V368WVKA;
				INFOPLIST_FILE = LGYBannerUITests/Info.plist;
				LD_RUNPATH_SEARCH_PATHS = "$(inherited) @executable_path/Frameworks @loader_path/Frameworks";
				PRODUCT_BUNDLE_IDENTIFIER = com.test.LGYBannerUITests;
				PRODUCT_NAME = "$(TARGET_NAME)";
				TEST_TARGET_NAME = LGYBanner;
			};
			name = Debug;
		};
		A42DFBDC1EEEAD62000BA8B4 /* Release */ = {
			isa = XCBuildConfiguration;
			buildSettings = {
				DEVELOPMENT_TEAM = 38V368WVKA;
				INFOPLIST_FILE = LGYBannerUITests/Info.plist;
				LD_RUNPATH_SEARCH_PATHS = "$(inherited) @executable_path/Frameworks @loader_path/Frameworks";
				PRODUCT_BUNDLE_IDENTIFIER = com.test.LGYBannerUITests;
				PRODUCT_NAME = "$(TARGET_NAME)";
				TEST_TARGET_NAME = LGYBanner;
			};
			name = Release;
		};
/* End XCBuildConfiguration section */

/* Begin XCConfigurationList section */
		A42DFBA21EEEAD61000BA8B4 /* Build configuration list for PBXProject "LGYBanner" */ = {
			isa = XCConfigurationList;
			buildConfigurations = (
				A42DFBD21EEEAD62000BA8B4 /* Debug */,
				A42DFBD31EEEAD62000BA8B4 /* Release */,
			);
			defaultConfigurationIsVisible = 0;
			defaultConfigurationName = Release;
		};
		A42DFBD41EEEAD62000BA8B4 /* Build configuration list for PBXNativeTarget "LGYBanner" */ = {
			isa = XCConfigurationList;
			buildConfigurations = (
				A42DFBD51EEEAD62000BA8B4 /* Debug */,
				A42DFBD61EEEAD62000BA8B4 /* Release */,
			);
			defaultConfigurationIsVisible = 0;
		};
		A42DFBD71EEEAD62000BA8B4 /* Build configuration list for PBXNativeTarget "LGYBannerTests" */ = {
			isa = XCConfigurationList;
			buildConfigurations = (
				A42DFBD81EEEAD62000BA8B4 /* Debug */,
				A42DFBD91EEEAD62000BA8B4 /* Release */,
			);
			defaultConfigurationIsVisible = 0;
		};
		A42DFBDA1EEEAD62000BA8B4 /* Build configuration list for PBXNativeTarget "LGYBannerUITests" */ = {
			isa = XCConfigurationList;
			buildConfigurations = (
				A42DFBDB1EEEAD62000BA8B4 /* Debug */,
				A42DFBDC1EEEAD62000BA8B4 /* Release */,
			);
			defaultConfigurationIsVisible = 0;
		};
/* End XCConfigurationList section */
	};
	rootObject = A42DFB9F1EEEAD61000BA8B4 /* Project object */;
}
